
Microsoft Visual Studio Solution File, Format Version 12.00
# Visual Studio Version 17
VisualStudioVersion = 17.7.34031.279
MinimumVisualStudioVersion = 10.0.40219.1
Project("{8BC9CEB8-8B4A-11D0-8D11-00A0C91BC942}") = "Lab1", "Lab1\Lab1.vcxproj", "{A976AC8B-06CF-4A87-B6F3-199AE5554731}"
EndProject
Project("{8BC9CEB8-8B4A-11D0-8D11-00A0C91BC942}") = "Playground", "Playground\Playground.vcxproj", "{1EE2412C-EE90-462B-84FC-9C2504A1DDD4}"
EndProject
Global
	GlobalSection(SolutionConfigurationPlatforms) = preSolution
		Debug|x64 = Debug|x64
		Debug|x86 = Debug|x86
		Release|x64 = Release|x64
		Release|x86 = Release|x86
	EndGlobalSection
	GlobalSection(ProjectConfigurationPlatforms) = postSolution
		{A976AC8B-06CF-4A87-B6F3-199AE5554731}.Debug|x64.ActiveCfg = Debug|x64
		{A976AC8B-06CF-4A87-B6F3-199AE5554731}.Debug|x64.Build.0 = Debug|x64
		{A976AC8B-06CF-4A87-B6F3-199AE5554731}.Debug|x86.ActiveCfg = Debug|Win32
		{A976AC8B-06CF-4A87-B6F3-199AE5554731}.Debug|x86.Build.0 = Debug|Win32
		{A976AC8B-06CF-4A87-B6F3-199AE5554731}.Release|x64.ActiveCfg = Release|x64
		{A976AC8B-06CF-4A87-B6F3-199AE5554731}.Release|x64.Build.0 = Release|x64
		{A976AC8B-06CF-4A87-B6F3-199AE5554731}.Release|x86.ActiveCfg = Release|Win32
		{A976AC8B-06CF-4A87-B6F3-199AE5554731}.Release|x86.Build.0 = Release|Win32
		{1EE2412C-EE90-462B-84FC-9C2504A1DDD4}.Debug|x64.ActiveCfg = Debug|x64
		{1EE2412C-EE90-462B-84FC-9C2504A1DDD4}.Debug|x64.Build.0 = Debug|x64
		{1EE2412C-EE90-462B-84FC-9C2504A1DDD4}.Debug|x86.ActiveCfg = Debug|Win32
		{1EE2412C-EE90-462B-84FC-9C2504A1DDD4}.Debug|x86.Build.0 = Debug|Win32
		{1EE2412C-EE90-462B-84FC-9C2504A1DDD4}.Release|x64.ActiveCfg = Release|x64
		{1EE2412C-EE90-462B-84FC-9C2504A1DDD4}.Release|x64.Build.0 = Release|x64
		{1EE2412C-EE90-462B-84FC-9C2504A1DDD4}.Release|x86.ActiveCfg = Release|Win32
		{1EE2412C-EE90-462B-84FC-9C2504A1DDD4}.Release|x86.Build.0 = Release|Win32
	EndGlobalSection
	GlobalSection(SolutionProperties) = preSolution
		HideSolutionNode = FALSE
	EndGlobalSection
	GlobalSection(ExtensibilityGlobals) = postSolution
		SolutionGuid = {A42DBEE2-E5F4-4E31-95AB-901F793C62E4}
	EndGlobalSection
EndGlobal
